{
  "nodes": {
    "home-manager": {
      "inputs": {
        "nixpkgs": [
          "nixpkgs"
        ]
      },
      "locked": {
        "lastModified": 1744919155,
        "narHash": "sha256-IJksPW32V9gid9vDxoloJMRk+YGjxq5drFHBFeBkKU8=",
        "owner": "nix-community",
        "repo": "home-manager",
        "rev": "72526a5f7cde2ef9075637802a1e2a8d2d658f70",
        "type": "github"
      },
      "original": {
        "owner": "nix-community",
        "repo": "home-manager",
        "type": "github"
      }
    },
    "nixpkgs": {
      "locked": {
        "lastModified": 1744927143,
        "narHash": "sha256-eH5kVF35dqeBp8KZmd5z8zXx1Ec6Bv/BmeBydKnX+tE=",
        "owner": "zh4ngx",
        "repo": "nixpkgs",
        "rev": "6a98207e8e7aec070fb35947f4c5877b8cd89628",
        "type": "github"
      },
      "original": {
        "owner": "zh4ngx",
        "ref": "appimagetools-wrap-postextract",
        "repo": "nixpkgs",
        "type": "github"
      }
    },
    "root": {
      "inputs": {
        "home-manager": "home-manager",
        "nixpkgs": "nixpkgs"
      }
    }
  },
  "root": "root",
  "version": 7
}
