{
  "nodes": {
    "home-manager": {
      "inputs": {
        "nixpkgs": [
          "nixpkgs"
        ]
      },
      "locked": {
        "lastModified": 1744735751,
        "narHash": "sha256-OPpfgL3qUIbQdbmp1/ZwnlsuTLooHN4or0EABnZTFRY=",
        "owner": "nix-community",
        "repo": "home-manager",
        "rev": "db7738e67a101ad945abbcb447e1310147afaf1b",
        "type": "github"
      },
      "original": {
        "owner": "nix-community",
        "repo": "home-manager",
        "type": "github"
      }
    },
    "nixpkgs": {
      "locked": {
        "lastModified": 1744763330,
        "narHash": "sha256-CeCkGv2SNIpcfbLMl3DLWBf8my5FZW6wX+s4NE/Re3U=",
        "owner": "zh4ngx",
        "repo": "nixpkgs",
        "rev": "4a6c0225528c53a889d7c8d03bf62a44b973c2e9",
        "type": "github"
      },
      "original": {
        "owner": "zh4ngx",
        "ref": "389967-update-beeper",
        "repo": "nixpkgs",
        "type": "github"
      }
    },
    "root": {
      "inputs": {
        "home-manager": "home-manager",
        "nixpkgs": "nixpkgs"
      }
    }
  },
  "root": "root",
  "version": 7
}
